
Microsoft Visual Studio Solution File, Format Version 12.00
# Visual Studio Version 17
VisualStudioVersion = 17.14.36414.22
MinimumVisualStudioVersion = 10.0.40219.1
Project("{2150E333-8FDC-42A3-9474-1A3956D46DE8}") = "src", "src", "{827E0CD3-B72D-47B6-A68D-7590B98EB39B}"
EndProject
Project("{FAE04EC0-301F-11D3-BF4B-00C04F79EFBC}") = "ProjectTaskManager.Domain", "src\ProjectTaskManager.Domain\ProjectTaskManager.Domain.csproj", "{3BFE3739-478C-49F2-A256-D656DF23B924}"
EndProject
Project("{FAE04EC0-301F-11D3-BF4B-00C04F79EFBC}") = "ProjectTaskManager.Application", "src\ProjectTaskManager.Application\ProjectTaskManager.Application.csproj", "{67B373EB-B704-4128-B720-ECEB548AFB8B}"
EndProject
Project("{FAE04EC0-301F-11D3-BF4B-00C04F79EFBC}") = "ProjectTaskManager.Infrastructure", "src\ProjectTaskManager.Infrastructure\ProjectTaskManager.Infrastructure.csproj", "{B53C329D-7C1B-48BF-A371-8B62CE46C5E7}"
EndProject
Project("{FAE04EC0-301F-11D3-BF4B-00C04F79EFBC}") = "ProjectTaskManager.Api", "src\ProjectTaskManager.Api\ProjectTaskManager.Api.csproj", "{34C393FE-559B-4FE1-981C-87D8A9989679}"
EndProject
Project("{2150E333-8FDC-42A3-9474-1A3956D46DE8}") = "tests", "tests", "{0AB3BF05-4346-4AA6-1389-037BE0695223}"
EndProject
Project("{FAE04EC0-301F-11D3-BF4B-00C04F79EFBC}") = "ProjectTaskManager.Api.Tests", "tests\ProjectTaskManager.Api.Tests\ProjectTaskManager.Api.Tests.csproj", "{675976E5-0822-4FA0-9A6D-E1FA8215A8BB}"
EndProject
Global
	GlobalSection(SolutionConfigurationPlatforms) = preSolution
		Debug|Any CPU = Debug|Any CPU
		Debug|x64 = Debug|x64
		Debug|x86 = Debug|x86
		Release|Any CPU = Release|Any CPU
		Release|x64 = Release|x64
		Release|x86 = Release|x86
	EndGlobalSection
	GlobalSection(ProjectConfigurationPlatforms) = postSolution
		{3BFE3739-478C-49F2-A256-D656DF23B924}.Debug|Any CPU.ActiveCfg = Debug|Any CPU
		{3BFE3739-478C-49F2-A256-D656DF23B924}.Debug|Any CPU.Build.0 = Debug|Any CPU
		{3BFE3739-478C-49F2-A256-D656DF23B924}.Debug|x64.ActiveCfg = Debug|Any CPU
		{3BFE3739-478C-49F2-A256-D656DF23B924}.Debug|x64.Build.0 = Debug|Any CPU
		{3BFE3739-478C-49F2-A256-D656DF23B924}.Debug|x86.ActiveCfg = Debug|Any CPU
		{3BFE3739-478C-49F2-A256-D656DF23B924}.Debug|x86.Build.0 = Debug|Any CPU
		{3BFE3739-478C-49F2-A256-D656DF23B924}.Release|Any CPU.ActiveCfg = Release|Any CPU
		{3BFE3739-478C-49F2-A256-D656DF23B924}.Release|Any CPU.Build.0 = Release|Any CPU
		{3BFE3739-478C-49F2-A256-D656DF23B924}.Release|x64.ActiveCfg = Release|Any CPU
		{3BFE3739-478C-49F2-A256-D656DF23B924}.Release|x64.Build.0 = Release|Any CPU
		{3BFE3739-478C-49F2-A256-D656DF23B924}.Release|x86.ActiveCfg = Release|Any CPU
		{3BFE3739-478C-49F2-A256-D656DF23B924}.Release|x86.Build.0 = Release|Any CPU
		{67B373EB-B704-4128-B720-ECEB548AFB8B}.Debug|Any CPU.ActiveCfg = Debug|Any CPU
		{67B373EB-B704-4128-B720-ECEB548AFB8B}.Debug|Any CPU.Build.0 = Debug|Any CPU
		{67B373EB-B704-4128-B720-ECEB548AFB8B}.Debug|x64.ActiveCfg = Debug|Any CPU
		{67B373EB-B704-4128-B720-ECEB548AFB8B}.Debug|x64.Build.0 = Debug|Any CPU
		{67B373EB-B704-4128-B720-ECEB548AFB8B}.Debug|x86.ActiveCfg = Debug|Any CPU
		{67B373EB-B704-4128-B720-ECEB548AFB8B}.Debug|x86.Build.0 = Debug|Any CPU
		{67B373EB-B704-4128-B720-ECEB548AFB8B}.Release|Any CPU.ActiveCfg = Release|Any CPU
		{67B373EB-B704-4128-B720-ECEB548AFB8B}.Release|Any CPU.Build.0 = Release|Any CPU
		{67B373EB-B704-4128-B720-ECEB548AFB8B}.Release|x64.ActiveCfg = Release|Any CPU
		{67B373EB-B704-4128-B720-ECEB548AFB8B}.Release|x64.Build.0 = Release|Any CPU
		{67B373EB-B704-4128-B720-ECEB548AFB8B}.Release|x86.ActiveCfg = Release|Any CPU
		{67B373EB-B704-4128-B720-ECEB548AFB8B}.Release|x86.Build.0 = Release|Any CPU
		{B53C329D-7C1B-48BF-A371-8B62CE46C5E7}.Debug|Any CPU.ActiveCfg = Debug|Any CPU
		{B53C329D-7C1B-48BF-A371-8B62CE46C5E7}.Debug|Any CPU.Build.0 = Debug|Any CPU
		{B53C329D-7C1B-48BF-A371-8B62CE46C5E7}.Debug|x64.ActiveCfg = Debug|Any CPU
		{B53C329D-7C1B-48BF-A371-8B62CE46C5E7}.Debug|x64.Build.0 = Debug|Any CPU
		{B53C329D-7C1B-48BF-A371-8B62CE46C5E7}.Debug|x86.ActiveCfg = Debug|Any CPU
		{B53C329D-7C1B-48BF-A371-8B62CE46C5E7}.Debug|x86.Build.0 = Debug|Any CPU
		{B53C329D-7C1B-48BF-A371-8B62CE46C5E7}.Release|Any CPU.ActiveCfg = Release|Any CPU
		{B53C329D-7C1B-48BF-A371-8B62CE46C5E7}.Release|Any CPU.Build.0 = Release|Any CPU
		{B53C329D-7C1B-48BF-A371-8B62CE46C5E7}.Release|x64.ActiveCfg = Release|Any CPU
		{B53C329D-7C1B-48BF-A371-8B62CE46C5E7}.Release|x64.Build.0 = Release|Any CPU
		{B53C329D-7C1B-48BF-A371-8B62CE46C5E7}.Release|x86.ActiveCfg = Release|Any CPU
		{B53C329D-7C1B-48BF-A371-8B62CE46C5E7}.Release|x86.Build.0 = Release|Any CPU
		{34C393FE-559B-4FE1-981C-87D8A9989679}.Debug|Any CPU.ActiveCfg = Debug|Any CPU
		{34C393FE-559B-4FE1-981C-87D8A9989679}.Debug|Any CPU.Build.0 = Debug|Any CPU
		{34C393FE-559B-4FE1-981C-87D8A9989679}.Debug|x64.ActiveCfg = Debug|Any CPU
		{34C393FE-559B-4FE1-981C-87D8A9989679}.Debug|x64.Build.0 = Debug|Any CPU
		{34C393FE-559B-4FE1-981C-87D8A9989679}.Debug|x86.ActiveCfg = Debug|Any CPU
		{34C393FE-559B-4FE1-981C-87D8A9989679}.Debug|x86.Build.0 = Debug|Any CPU
		{34C393FE-559B-4FE1-981C-87D8A9989679}.Release|Any CPU.ActiveCfg = Release|Any CPU
		{34C393FE-559B-4FE1-981C-87D8A9989679}.Release|Any CPU.Build.0 = Release|Any CPU
		{34C393FE-559B-4FE1-981C-87D8A9989679}.Release|x64.ActiveCfg = Release|Any CPU
		{34C393FE-559B-4FE1-981C-87D8A9989679}.Release|x64.Build.0 = Release|Any CPU
		{34C393FE-559B-4FE1-981C-87D8A9989679}.Release|x86.ActiveCfg = Release|Any CPU
		{34C393FE-559B-4FE1-981C-87D8A9989679}.Release|x86.Build.0 = Release|Any CPU
		{675976E5-0822-4FA0-9A6D-E1FA8215A8BB}.Debug|Any CPU.ActiveCfg = Debug|Any CPU
		{675976E5-0822-4FA0-9A6D-E1FA8215A8BB}.Debug|Any CPU.Build.0 = Debug|Any CPU
		{675976E5-0822-4FA0-9A6D-E1FA8215A8BB}.Debug|x64.ActiveCfg = Debug|Any CPU
		{675976E5-0822-4FA0-9A6D-E1FA8215A8BB}.Debug|x64.Build.0 = Debug|Any CPU
		{675976E5-0822-4FA0-9A6D-E1FA8215A8BB}.Debug|x86.ActiveCfg = Debug|Any CPU
		{675976E5-0822-4FA0-9A6D-E1FA8215A8BB}.Debug|x86.Build.0 = Debug|Any CPU
		{675976E5-0822-4FA0-9A6D-E1FA8215A8BB}.Release|Any CPU.ActiveCfg = Release|Any CPU
		{675976E5-0822-4FA0-9A6D-E1FA8215A8BB}.Release|Any CPU.Build.0 = Release|Any CPU
		{675976E5-0822-4FA0-9A6D-E1FA8215A8BB}.Release|x64.ActiveCfg = Release|Any CPU
		{675976E5-0822-4FA0-9A6D-E1FA8215A8BB}.Release|x64.Build.0 = Release|Any CPU
		{675976E5-0822-4FA0-9A6D-E1FA8215A8BB}.Release|x86.ActiveCfg = Release|Any CPU
		{675976E5-0822-4FA0-9A6D-E1FA8215A8BB}.Release|x86.Build.0 = Release|Any CPU
	EndGlobalSection
	GlobalSection(SolutionProperties) = preSolution
		HideSolutionNode = FALSE
	EndGlobalSection
	GlobalSection(NestedProjects) = preSolution
		{3BFE3739-478C-49F2-A256-D656DF23B924} = {827E0CD3-B72D-47B6-A68D-7590B98EB39B}
		{67B373EB-B704-4128-B720-ECEB548AFB8B} = {827E0CD3-B72D-47B6-A68D-7590B98EB39B}
		{B53C329D-7C1B-48BF-A371-8B62CE46C5E7} = {827E0CD3-B72D-47B6-A68D-7590B98EB39B}
		{34C393FE-559B-4FE1-981C-87D8A9989679} = {827E0CD3-B72D-47B6-A68D-7590B98EB39B}
		{675976E5-0822-4FA0-9A6D-E1FA8215A8BB} = {0AB3BF05-4346-4AA6-1389-037BE0695223}
	EndGlobalSection
	GlobalSection(ExtensibilityGlobals) = postSolution
		SolutionGuid = {D4ECFF42-BEC9-4DAC-94B9-1CED983B65E1}
	EndGlobalSection
EndGlobal
